{
  "name": "randomicrabbit",
  "version": "1.0.0",
  "lockfileVersion": 1,
  "requires": true,
  "dependencies": {
    "ajax.js": {
      "version": "2.0.0",
      "resolved": "https://registry.npmjs.org/ajax.js/-/ajax.js-2.0.0.tgz",
      "integrity": "sha1-BzJGq5UhqL08c0PomTDqHtUpFf8=",
      "requires": {
        "eventsource": "^1.0.7",
        "xhr2": "^0.2.0"
      }
    },
    "eventsource": {
      "version": "1.1.1",
      "resolved": "https://registry.npmjs.org/eventsource/-/eventsource-1.1.1.tgz",
      "integrity": "sha512-qV5ZC0h7jYIAOhArFJgSfdyz6rALJyb270714o7ZtNnw2WSJ+eexhKtE0O8LYPRsHZHf2osHKZBxGPvm3kPkCA==",
      "requires": {
        "original": "^1.0.0"
      }
    },
    "node.js": {
      "version": "0.0.1-security",
      "resolved": "https://registry.npmjs.org/node.js/-/node.js-0.0.1-security.tgz",
      "integrity": "sha512-8tWQiyg/3ggdLTrtfgj/NxmZpC20eB1U5VNkqt2dbelpcr3NrfjpEE3DgifpBOCJ4Xu9Obvu8iju63ViQW3Hvg=="
    },
    "original": {
      "version": "1.0.2",
      "resolved": "https://registry.npmjs.org/original/-/original-1.0.2.tgz",
      "integrity": "sha512-hyBVl6iqqUOJ8FqRe+l/gS8H+kKYjrEndd5Pm1MfBtsEKA038HkkdbAl/72EAXGyonD/PFsvmVG+EvcIpliMBg==",
      "requires": {
        "url-parse": "^1.4.3"
      }
    },
    "querystringify": {
      "version": "2.1.1",
      "resolved": "https://registry.npmjs.org/querystringify/-/querystringify-2.1.1.tgz",
      "integrity": "sha512-w7fLxIRCRT7U8Qu53jQnJyPkYZIaR4n5151KMfcJlO/A9397Wxb1amJvROTK6TOnp7PfoAmg/qXiNHI+08jRfA=="
    },
    "requires-port": {
      "version": "1.0.0",
      "resolved": "https://registry.npmjs.org/requires-port/-/requires-port-1.0.0.tgz",
      "integrity": "sha1-kl0mAdOaxIXgkc8NpcbmlNw9yv8="
    },
    "url-parse": {
      "version": "1.4.7",
      "resolved": "https://registry.npmjs.org/url-parse/-/url-parse-1.4.7.tgz",
      "integrity": "sha512-d3uaVyzDB9tQoSXFvuSUNFibTd9zxd2bkVrDRvF5TmvWWQwqE4lgYJ5m+x1DbecWkw+LK4RNl2CU1hHuOKPVlg==",
      "requires": {
        "querystringify": "^2.1.1",
        "requires-port": "^1.0.0"
      }
    },
    "xhr2": {
      "version": "0.2.0",
      "resolved": "https://registry.npmjs.org/xhr2/-/xhr2-0.2.0.tgz",
      "integrity": "sha512-BDtiD0i2iKPK/S8OAZfpk6tyzEDnKKSjxWHcMBVmh+LuqJ8A32qXTyOx+TVOg2dKvq6zGBq2sgKPkEeRs1qTRA=="
    }
  }
}
